
Microsoft Visual Studio Solution File, Format Version 12.00
# Visual Studio Version 16
VisualStudioVersion = 16.0.30523.141
MinimumVisualStudioVersion = 10.0.40219.1
Project("{FAE04EC0-301F-11D3-BF4B-00C04F79EFBC}") = "RotaBul", "RotaBul\RotaBul.csproj", "{23F7DE4F-5D56-42DD-8F2E-5F3B9C2CF25B}"
EndProject
Global
	GlobalSection(SolutionConfigurationPlatforms) = preSolution
		Debug|Any CPU = Debug|Any CPU
		Release|Any CPU = Release|Any CPU
	EndGlobalSection
	GlobalSection(ProjectConfigurationPlatforms) = postSolution
		{23F7DE4F-5D56-42DD-8F2E-5F3B9C2CF25B}.Debug|Any CPU.ActiveCfg = Debug|Any CPU
		{23F7DE4F-5D56-42DD-8F2E-5F3B9C2CF25B}.Debug|Any CPU.Build.0 = Debug|Any CPU
		{23F7DE4F-5D56-42DD-8F2E-5F3B9C2CF25B}.Release|Any CPU.ActiveCfg = Release|Any CPU
		{23F7DE4F-5D56-42DD-8F2E-5F3B9C2CF25B}.Release|Any CPU.Build.0 = Release|Any CPU
	EndGlobalSection
	GlobalSection(SolutionProperties) = preSolution
		HideSolutionNode = FALSE
	EndGlobalSection
	GlobalSection(ExtensibilityGlobals) = postSolution
		SolutionGuid = {7BCCB36A-1DF9-4539-8989-842654A4AB80}
	EndGlobalSection
EndGlobal
